
Microsoft Visual Studio Solution File, Format Version 12.00
# Visual Studio 2012
Project("{FAE04EC0-301F-11D3-BF4B-00C04F79EFBC}") = "EnumAnnotation.Test", "EnumAnnotation.Test\EnumAnnotation.Test.csproj", "{240E610F-4204-4679-9D8B-39F1386CD5B1}"
EndProject
Project("{2150E333-8FDC-42A3-9474-1A3956D46DE8}") = "Solution Items", "Solution Items", "{29B7A9AE-8ACC-4DDE-AE07-949C69E25B51}"
EndProject
Project("{2150E333-8FDC-42A3-9474-1A3956D46DE8}") = ".nuget", ".nuget", "{D996ABC4-0555-4A8B-9D93-BAD100F369D0}"
	ProjectSection(SolutionItems) = preProject
		.nuget\packages.config = .nuget\packages.config
	EndProjectSection
EndProject
Project("{FAE04EC0-301F-11D3-BF4B-00C04F79EFBC}") = "EnumAnnotation", "EnumAnnotation\EnumAnnotation.csproj", "{323FF1FB-EFD1-4033-92C5-66FB4831C484}"
EndProject
Global
	GlobalSection(TestCaseManagementSettings) = postSolution
		CategoryFile = EnumAnnotation.vsmdi
	EndGlobalSection
	GlobalSection(SolutionConfigurationPlatforms) = preSolution
		Debug|Any CPU = Debug|Any CPU
		Release|Any CPU = Release|Any CPU
	EndGlobalSection
	GlobalSection(ProjectConfigurationPlatforms) = postSolution
		{240E610F-4204-4679-9D8B-39F1386CD5B1}.Debug|Any CPU.ActiveCfg = Debug|Any CPU
		{240E610F-4204-4679-9D8B-39F1386CD5B1}.Debug|Any CPU.Build.0 = Debug|Any CPU
		{240E610F-4204-4679-9D8B-39F1386CD5B1}.Release|Any CPU.ActiveCfg = Release|Any CPU
		{240E610F-4204-4679-9D8B-39F1386CD5B1}.Release|Any CPU.Build.0 = Release|Any CPU
		{323FF1FB-EFD1-4033-92C5-66FB4831C484}.Debug|Any CPU.ActiveCfg = Debug|Any CPU
		{323FF1FB-EFD1-4033-92C5-66FB4831C484}.Debug|Any CPU.Build.0 = Debug|Any CPU
		{323FF1FB-EFD1-4033-92C5-66FB4831C484}.Release|Any CPU.ActiveCfg = Release|Any CPU
		{323FF1FB-EFD1-4033-92C5-66FB4831C484}.Release|Any CPU.Build.0 = Release|Any CPU
	EndGlobalSection
	GlobalSection(SolutionProperties) = preSolution
		HideSolutionNode = FALSE
	EndGlobalSection
EndGlobal
